Microsoft Visual Studio Solution File, Format Version 11.00
# Visual Studio 2008

Project("{A9431FE5-C4DB-A7DF-09F9-331CE00E2105}") = "Flocking Bird", "Assembly-CSharp-firstpass-vs.csproj", "{7E9AF2DE-CD8F-71A3-65ED-5176B7042646}"
EndProject
Project("{A9431FE5-C4DB-A7DF-09F9-331CE00E2105}") = "Flocking Bird", "Assembly-CSharp-vs.csproj", "{22A7BD6A-E1D7-560E-E4CE-EF0A58AB2D79}"
EndProject
Project("{A9431FE5-C4DB-A7DF-09F9-331CE00E2105}") = "Flocking Bird", "Assembly-CSharp-Editor-vs.csproj", "{C7EC7B6B-720D-0DD3-EC41-8BA5F16808F6}"
EndProject
Global
	GlobalSection(SolutionConfigurationPlatforms) = preSolution
		Debug|Any CPU = Debug|Any CPU
		Release|Any CPU = Release|Any CPU
	EndGlobalSection
	GlobalSection(ProjectConfigurationPlatforms) = postSolution
		{7E9AF2DE-CD8F-71A3-65ED-5176B7042646}.Debug|Any CPU.ActiveCfg = Debug|Any CPU
		{7E9AF2DE-CD8F-71A3-65ED-5176B7042646}.Debug|Any CPU.Build.0 = Debug|Any CPU
		{7E9AF2DE-CD8F-71A3-65ED-5176B7042646}.Release|Any CPU.ActiveCfg = Release|Any CPU
		{7E9AF2DE-CD8F-71A3-65ED-5176B7042646}.Release|Any CPU.Build.0 = Release|Any CPU
		{22A7BD6A-E1D7-560E-E4CE-EF0A58AB2D79}.Debug|Any CPU.ActiveCfg = Debug|Any CPU
		{22A7BD6A-E1D7-560E-E4CE-EF0A58AB2D79}.Debug|Any CPU.Build.0 = Debug|Any CPU
		{22A7BD6A-E1D7-560E-E4CE-EF0A58AB2D79}.Release|Any CPU.ActiveCfg = Release|Any CPU
		{22A7BD6A-E1D7-560E-E4CE-EF0A58AB2D79}.Release|Any CPU.Build.0 = Release|Any CPU
		{C7EC7B6B-720D-0DD3-EC41-8BA5F16808F6}.Debug|Any CPU.ActiveCfg = Debug|Any CPU
		{C7EC7B6B-720D-0DD3-EC41-8BA5F16808F6}.Debug|Any CPU.Build.0 = Debug|Any CPU
		{C7EC7B6B-720D-0DD3-EC41-8BA5F16808F6}.Release|Any CPU.ActiveCfg = Release|Any CPU
		{C7EC7B6B-720D-0DD3-EC41-8BA5F16808F6}.Release|Any CPU.Build.0 = Release|Any CPU
	EndGlobalSection
	GlobalSection(SolutionProperties) = preSolution
		HideSolutionNode = FALSE
	EndGlobalSection
				GlobalSection(MonoDevelopProperties) = preSolution
		StartupItem = Assembly-CSharp.csproj
		Policies = $0
		$0.TextStylePolicy = $1
		$1.inheritsSet = null
		$1.scope = text/x-csharp
		$0.CSharpFormattingPolicy = $2
		$2.inheritsSet = Mono
		$2.inheritsScope = text/x-csharp
		$2.scope = text/x-csharp
		$0.TextStylePolicy = $3
		$3.FileWidth = 120
		$3.TabWidth = 4
		$3.EolMarker = Unix
		$3.inheritsSet = Mono
		$3.inheritsScope = text/plain
		$3.scope = text/plain
	EndGlobalSection

EndGlobal
